[ "ex_doc": {:git, "git://github.com/elixir-lang/ex_doc.git", "e6386d3f81a9d46bbd9b6f3e4f7c5f1273f465f1", []},
  "httpotion": {:git, "git://github.com/myfreeweb/httpotion.git", "f9407c497ce8e71ebea8cf94d08b093f90afa5bb", []},
  "ibrowse": {:git, "git://github.com/cmullaparthi/ibrowse.git", "108c131d782c693bd3e26a6587da8196ef9282e3", []},
  "jsonex": {:git, "git://github.com/marcelog/jsonex.git", "ca46642855db2df0ae91253e448706fef26df57e", []},
  "jsx": {:git, "git://github.com/talentdeficit/jsx.git", "cb14b92a228e51f7bdcaa7eb17f035e4a5c0b47d", [tag: "v1.3.3"]},
  "meck": {:git, "git://github.com/eproxus/meck.git", "2447206f201bab1054c49cd32621eee23fa0ee3b", [tag: "0.7.2"]},
  "mock": {:git, "git://github.com/jjh42/mock.git", "e54a8f8ac3b69b5a610399f7fb5efe65446526eb", []} ]
