[ "ex_doc": {:git, "git://github.com/elixir-lang/ex_doc.git", "c14203bfca186f68ff178e5ada9af4f5fb37e205", []},
  "httpotion": {:git, "git://github.com/myfreeweb/httpotion.git", "94b0fdb7bb1f5322791e3a309f2e06d0b8ab9ef3", []},
  "ibrowse": {:git, "git://github.com/cmullaparthi/ibrowse.git", "7871e2ebe8811efb64e1917e2de455fa87e8dfe3", [tag: "v4.1.0"]},
  "jsonex": {:git, "git://github.com/marcelog/jsonex.git", "6248cad507c8b77ace1dbb907a854a6b5cbc5695", []},
  "jsx": {:git, "git://github.com/talentdeficit/jsx.git", "9cb8703beecaf4c39e3dbfa293c747a0e7aa6450", []},
  "meck": {:git, "git://github.com/eproxus/meck.git", "2447206f201bab1054c49cd32621eee23fa0ee3b", [tag: "0.7.2"]},
  "mock": {:git, "git://github.com/jjh42/mock.git", "0f9b4d16884ddc112ddc694622f95b61973fddd8", []} ]
