%{"ex_doc": {:git, "git://github.com/elixir-lang/ex_doc.git", "ddf1cae6bf331d8cfd5ded61b3b120293b80642d", []},
  "httpotion": {:git, "git://github.com/myfreeweb/httpotion.git", "37e180343ed21c733a1a0b740d9d8d7081b7f721", []},
  "ibrowse": {:git, "git://github.com/cmullaparthi/ibrowse.git", "7871e2ebe8811efb64e1917e2de455fa87e8dfe3", [tag: "v4.1.0"]},
  "jsonex": {:git, "git://github.com/marcelog/jsonex.git", "82e6c416eed5e791073427bf3079d7ab7b85a1e1", []},
  "jsx": {:git, "git://github.com/talentdeficit/jsx.git", "507fa4c41db33c81e925ab53f4d789d234aaff2f", []},
  "meck": {:git, "git://github.com/eproxus/meck.git", "dde759050eff19a1a80fd854d7375174b191665d", [tag: "0.8.2"]},
  "mock": {:git, "git://github.com/jjh42/mock.git", "275109db347caf3449b6d123bd4da720fb08b28e", []}}
